
Microsoft Visual Studio Solution File, Format Version 12.00
# Visual Studio 14
VisualStudioVersion = 14.0.25420.1
MinimumVisualStudioVersion = 10.0.40219.1
Project("{8BB2217D-0F2D-49D1-97BC-3654ED321F3B}") = "SRP", "SRP\SRP.xproj", "{5D64BF56-5FDC-4160-8730-A94B80E8642F}"
EndProject
Project("{8BB2217D-0F2D-49D1-97BC-3654ED321F3B}") = "OCP", "OCP\OCP.xproj", "{B1AC8A8A-B102-4169-882E-C53553C7790C}"
EndProject
Project("{8BB2217D-0F2D-49D1-97BC-3654ED321F3B}") = "LSP", "LSP\LSP.xproj", "{4E07A498-B526-4179-AF4A-E0C0ADC8BB93}"
EndProject
Project("{8BB2217D-0F2D-49D1-97BC-3654ED321F3B}") = "ISP", "ISP\ISP.xproj", "{EE7A639D-F573-4195-825E-509DC617D423}"
EndProject
Project("{8BB2217D-0F2D-49D1-97BC-3654ED321F3B}") = "DIP", "DIP\DIP.xproj", "{24C67754-2E31-459B-B321-6F7010ABC870}"
EndProject
Global
	GlobalSection(SolutionConfigurationPlatforms) = preSolution
		Debug|Any CPU = Debug|Any CPU
		Release|Any CPU = Release|Any CPU
	EndGlobalSection
	GlobalSection(ProjectConfigurationPlatforms) = postSolution
		{5D64BF56-5FDC-4160-8730-A94B80E8642F}.Debug|Any CPU.ActiveCfg = Debug|Any CPU
		{5D64BF56-5FDC-4160-8730-A94B80E8642F}.Debug|Any CPU.Build.0 = Debug|Any CPU
		{5D64BF56-5FDC-4160-8730-A94B80E8642F}.Release|Any CPU.ActiveCfg = Release|Any CPU
		{5D64BF56-5FDC-4160-8730-A94B80E8642F}.Release|Any CPU.Build.0 = Release|Any CPU
		{B1AC8A8A-B102-4169-882E-C53553C7790C}.Debug|Any CPU.ActiveCfg = Debug|Any CPU
		{B1AC8A8A-B102-4169-882E-C53553C7790C}.Debug|Any CPU.Build.0 = Debug|Any CPU
		{B1AC8A8A-B102-4169-882E-C53553C7790C}.Release|Any CPU.ActiveCfg = Release|Any CPU
		{B1AC8A8A-B102-4169-882E-C53553C7790C}.Release|Any CPU.Build.0 = Release|Any CPU
		{4E07A498-B526-4179-AF4A-E0C0ADC8BB93}.Debug|Any CPU.ActiveCfg = Debug|Any CPU
		{4E07A498-B526-4179-AF4A-E0C0ADC8BB93}.Debug|Any CPU.Build.0 = Debug|Any CPU
		{4E07A498-B526-4179-AF4A-E0C0ADC8BB93}.Release|Any CPU.ActiveCfg = Release|Any CPU
		{4E07A498-B526-4179-AF4A-E0C0ADC8BB93}.Release|Any CPU.Build.0 = Release|Any CPU
		{EE7A639D-F573-4195-825E-509DC617D423}.Debug|Any CPU.ActiveCfg = Debug|Any CPU
		{EE7A639D-F573-4195-825E-509DC617D423}.Debug|Any CPU.Build.0 = Debug|Any CPU
		{EE7A639D-F573-4195-825E-509DC617D423}.Release|Any CPU.ActiveCfg = Release|Any CPU
		{EE7A639D-F573-4195-825E-509DC617D423}.Release|Any CPU.Build.0 = Release|Any CPU
		{24C67754-2E31-459B-B321-6F7010ABC870}.Debug|Any CPU.ActiveCfg = Debug|Any CPU
		{24C67754-2E31-459B-B321-6F7010ABC870}.Debug|Any CPU.Build.0 = Debug|Any CPU
		{24C67754-2E31-459B-B321-6F7010ABC870}.Release|Any CPU.ActiveCfg = Release|Any CPU
		{24C67754-2E31-459B-B321-6F7010ABC870}.Release|Any CPU.Build.0 = Release|Any CPU
	EndGlobalSection
	GlobalSection(SolutionProperties) = preSolution
		HideSolutionNode = FALSE
	EndGlobalSection
EndGlobal
